
Microsoft Visual Studio Solution File, Format Version 12.00
# Visual Studio 2012
Project("{FAE04EC0-301F-11D3-BF4B-00C04F79EFBC}") = "2WebApp_iOS", "2WebApp_iOS\2WebApp_iOS.csproj", "{CD97CA14-6F81-423A-B49C-D23C16E052EA}"
EndProject
Global
	GlobalSection(SolutionConfigurationPlatforms) = preSolution
		Debug|iPhoneSimulator = Debug|iPhoneSimulator
		Release|iPhoneSimulator = Release|iPhoneSimulator
		Debug|iPhone = Debug|iPhone
		Release|iPhone = Release|iPhone
		Ad-Hoc|iPhone = Ad-Hoc|iPhone
		AppStore|iPhone = AppStore|iPhone
	EndGlobalSection
	GlobalSection(ProjectConfigurationPlatforms) = postSolution
		{CD97CA14-6F81-423A-B49C-D23C16E052EA}.Ad-Hoc|iPhone.ActiveCfg = Ad-Hoc|iPhone
		{CD97CA14-6F81-423A-B49C-D23C16E052EA}.Ad-Hoc|iPhone.Build.0 = Ad-Hoc|iPhone
		{CD97CA14-6F81-423A-B49C-D23C16E052EA}.AppStore|iPhone.ActiveCfg = AppStore|iPhone
		{CD97CA14-6F81-423A-B49C-D23C16E052EA}.AppStore|iPhone.Build.0 = AppStore|iPhone
		{CD97CA14-6F81-423A-B49C-D23C16E052EA}.Debug|iPhone.ActiveCfg = Debug|iPhone
		{CD97CA14-6F81-423A-B49C-D23C16E052EA}.Debug|iPhone.Build.0 = Debug|iPhone
		{CD97CA14-6F81-423A-B49C-D23C16E052EA}.Debug|iPhoneSimulator.ActiveCfg = Debug|iPhoneSimulator
		{CD97CA14-6F81-423A-B49C-D23C16E052EA}.Debug|iPhoneSimulator.Build.0 = Debug|iPhoneSimulator
		{CD97CA14-6F81-423A-B49C-D23C16E052EA}.Release|iPhone.ActiveCfg = Release|iPhone
		{CD97CA14-6F81-423A-B49C-D23C16E052EA}.Release|iPhone.Build.0 = Release|iPhone
		{CD97CA14-6F81-423A-B49C-D23C16E052EA}.Release|iPhoneSimulator.ActiveCfg = Release|iPhoneSimulator
		{CD97CA14-6F81-423A-B49C-D23C16E052EA}.Release|iPhoneSimulator.Build.0 = Release|iPhoneSimulator
	EndGlobalSection
EndGlobal
